{
  "name": "elm-keyboard-shortcut",
  "version": "1.0.0",
  "lockfileVersion": 1,
  "requires": true,
  "dependencies": {
    "@webcomponents/custom-elements": {
      "version": "1.4.2",
      "resolved": "https://registry.npmjs.org/@webcomponents/custom-elements/-/custom-elements-1.4.2.tgz",
      "integrity": "sha512-bLw2XH9+2NBwmn7BI6WA2oIo2eOfBpl+GjAqkF/qnkZ8kq3HY5tKYTxtKowWALAferTp3wKD8W6FSn5OyK+rtQ=="
    }
  }
}
